
Microsoft Visual Studio Solution File, Format Version 12.00
# Visual Studio 2015
Project("{FAE04EC0-301F-11D3-BF4B-00C04F79EFBC}") = "PROJECT.Plugins", "PROJECT.Plugins.csproj", "{DE08C703-38CA-24D7-5541-7D9CCC1F5B6B}"
EndProject
Project("{FAE04EC0-301F-11D3-BF4B-00C04F79EFBC}") = "PROJECT", "PROJECT.csproj", "{F5AE1770-E8C2-838A-55F5-4D8B6E8C5725}"
EndProject
Project("{FAE04EC0-301F-11D3-BF4B-00C04F79EFBC}") = "PROJECT.Editor.Plugins", "PROJECT.Editor.Plugins.csproj", "{8B53B4E9-704E-7D36-9D25-7E8545944F70}"
EndProject
Project("{FAE04EC0-301F-11D3-BF4B-00C04F79EFBC}") = "PROJECT.Editor", "PROJECT.Editor.csproj", "{D86F9D58-75AF-0B25-949F-9D90DAC12E32}"
EndProject
Global
	GlobalSection(SolutionConfigurationPlatforms) = preSolution
		Debug|Any CPU = Debug|Any CPU
		Release|Any CPU = Release|Any CPU
	EndGlobalSection
	GlobalSection(ProjectConfigurationPlatforms) = postSolution
		{DE08C703-38CA-24D7-5541-7D9CCC1F5B6B}.Debug|Any CPU.ActiveCfg = Debug|Any CPU
		{DE08C703-38CA-24D7-5541-7D9CCC1F5B6B}.Debug|Any CPU.Build.0 = Debug|Any CPU
		{DE08C703-38CA-24D7-5541-7D9CCC1F5B6B}.Release|Any CPU.ActiveCfg = Release|Any CPU
		{DE08C703-38CA-24D7-5541-7D9CCC1F5B6B}.Release|Any CPU.Build.0 = Release|Any CPU
		{F5AE1770-E8C2-838A-55F5-4D8B6E8C5725}.Debug|Any CPU.ActiveCfg = Debug|Any CPU
		{F5AE1770-E8C2-838A-55F5-4D8B6E8C5725}.Debug|Any CPU.Build.0 = Debug|Any CPU
		{F5AE1770-E8C2-838A-55F5-4D8B6E8C5725}.Release|Any CPU.ActiveCfg = Release|Any CPU
		{F5AE1770-E8C2-838A-55F5-4D8B6E8C5725}.Release|Any CPU.Build.0 = Release|Any CPU
		{8B53B4E9-704E-7D36-9D25-7E8545944F70}.Debug|Any CPU.ActiveCfg = Debug|Any CPU
		{8B53B4E9-704E-7D36-9D25-7E8545944F70}.Debug|Any CPU.Build.0 = Debug|Any CPU
		{8B53B4E9-704E-7D36-9D25-7E8545944F70}.Release|Any CPU.ActiveCfg = Release|Any CPU
		{8B53B4E9-704E-7D36-9D25-7E8545944F70}.Release|Any CPU.Build.0 = Release|Any CPU
		{D86F9D58-75AF-0B25-949F-9D90DAC12E32}.Debug|Any CPU.ActiveCfg = Debug|Any CPU
		{D86F9D58-75AF-0B25-949F-9D90DAC12E32}.Debug|Any CPU.Build.0 = Debug|Any CPU
		{D86F9D58-75AF-0B25-949F-9D90DAC12E32}.Release|Any CPU.ActiveCfg = Release|Any CPU
		{D86F9D58-75AF-0B25-949F-9D90DAC12E32}.Release|Any CPU.Build.0 = Release|Any CPU
	EndGlobalSection
	GlobalSection(SolutionProperties) = preSolution
		HideSolutionNode = FALSE
	EndGlobalSection
EndGlobal
